
Microsoft Visual Studio Solution File, Format Version 12.00
# Visual Studio Version 16
VisualStudioVersion = 16.0.31515.178
MinimumVisualStudioVersion = 10.0.40219.1
Project("{FAE04EC0-301F-11D3-BF4B-00C04F79EFBC}") = "RobertsInvoiceDemo", "RobertsInvoiceDemo\RobertsInvoiceDemo.csproj", "{421F03BD-DC7B-43D8-86FC-010BBB742803}"
EndProject
Global
	GlobalSection(SolutionConfigurationPlatforms) = preSolution
		Debug|Any CPU = Debug|Any CPU
		Release|Any CPU = Release|Any CPU
	EndGlobalSection
	GlobalSection(ProjectConfigurationPlatforms) = postSolution
		{421F03BD-DC7B-43D8-86FC-010BBB742803}.Debug|Any CPU.ActiveCfg = Debug|Any CPU
		{421F03BD-DC7B-43D8-86FC-010BBB742803}.Debug|Any CPU.Build.0 = Debug|Any CPU
		{421F03BD-DC7B-43D8-86FC-010BBB742803}.Release|Any CPU.ActiveCfg = Release|Any CPU
		{421F03BD-DC7B-43D8-86FC-010BBB742803}.Release|Any CPU.Build.0 = Release|Any CPU
	EndGlobalSection
	GlobalSection(SolutionProperties) = preSolution
		HideSolutionNode = FALSE
	EndGlobalSection
	GlobalSection(ExtensibilityGlobals) = postSolution
		SolutionGuid = {2784383C-EC68-46BE-8670-C568E2FF76B5}
	EndGlobalSection
EndGlobal
